
Microsoft Visual Studio Solution File, Format Version 12.00
# Visual Studio 2013
VisualStudioVersion = 12.0.30723.0
MinimumVisualStudioVersion = 10.0.40219.1
Project("{FAE04EC0-301F-11D3-BF4B-00C04F79EFBC}") = "WinPhone.App", "WinPhone.App\WinPhone.App.csproj", "{68C73191-90F8-4CDA-AC38-DD5D7955F79F}"
EndProject
Project("{FAE04EC0-301F-11D3-BF4B-00C04F79EFBC}") = "WinPhone.MyShows", "WinPhone.MyShows\WinPhone.MyShows.csproj", "{EC1AE881-4F56-4D55-80D1-A30BB58E77DC}"
EndProject
Project("{FAE04EC0-301F-11D3-BF4B-00C04F79EFBC}") = "WinPhone.MyShows.Tests", "WinPhone.MyShows.Tests\WinPhone.MyShows.Tests.csproj", "{C88A2F17-E7D5-41A7-B940-0AB14EB091D7}"
EndProject
Global
	GlobalSection(SolutionConfigurationPlatforms) = preSolution
		Debug|Any CPU = Debug|Any CPU
		Debug|ARM = Debug|ARM
		Debug|x64 = Debug|x64
		Debug|x86 = Debug|x86
		Release|Any CPU = Release|Any CPU
		Release|ARM = Release|ARM
		Release|x64 = Release|x64
		Release|x86 = Release|x86
	EndGlobalSection
	GlobalSection(ProjectConfigurationPlatforms) = postSolution
		{68C73191-90F8-4CDA-AC38-DD5D7955F79F}.Debug|Any CPU.ActiveCfg = Debug|Any CPU
		{68C73191-90F8-4CDA-AC38-DD5D7955F79F}.Debug|Any CPU.Build.0 = Debug|Any CPU
		{68C73191-90F8-4CDA-AC38-DD5D7955F79F}.Debug|Any CPU.Deploy.0 = Debug|Any CPU
		{68C73191-90F8-4CDA-AC38-DD5D7955F79F}.Debug|ARM.ActiveCfg = Debug|ARM
		{68C73191-90F8-4CDA-AC38-DD5D7955F79F}.Debug|ARM.Build.0 = Debug|ARM
		{68C73191-90F8-4CDA-AC38-DD5D7955F79F}.Debug|ARM.Deploy.0 = Debug|ARM
		{68C73191-90F8-4CDA-AC38-DD5D7955F79F}.Debug|x64.ActiveCfg = Debug|Any CPU
		{68C73191-90F8-4CDA-AC38-DD5D7955F79F}.Debug|x86.ActiveCfg = Debug|x86
		{68C73191-90F8-4CDA-AC38-DD5D7955F79F}.Debug|x86.Build.0 = Debug|x86
		{68C73191-90F8-4CDA-AC38-DD5D7955F79F}.Debug|x86.Deploy.0 = Debug|x86
		{68C73191-90F8-4CDA-AC38-DD5D7955F79F}.Release|Any CPU.ActiveCfg = Release|Any CPU
		{68C73191-90F8-4CDA-AC38-DD5D7955F79F}.Release|Any CPU.Build.0 = Release|Any CPU
		{68C73191-90F8-4CDA-AC38-DD5D7955F79F}.Release|Any CPU.Deploy.0 = Release|Any CPU
		{68C73191-90F8-4CDA-AC38-DD5D7955F79F}.Release|ARM.ActiveCfg = Release|ARM
		{68C73191-90F8-4CDA-AC38-DD5D7955F79F}.Release|ARM.Build.0 = Release|ARM
		{68C73191-90F8-4CDA-AC38-DD5D7955F79F}.Release|ARM.Deploy.0 = Release|ARM
		{68C73191-90F8-4CDA-AC38-DD5D7955F79F}.Release|x64.ActiveCfg = Release|Any CPU
		{68C73191-90F8-4CDA-AC38-DD5D7955F79F}.Release|x86.ActiveCfg = Release|x86
		{68C73191-90F8-4CDA-AC38-DD5D7955F79F}.Release|x86.Build.0 = Release|x86
		{68C73191-90F8-4CDA-AC38-DD5D7955F79F}.Release|x86.Deploy.0 = Release|x86
		{EC1AE881-4F56-4D55-80D1-A30BB58E77DC}.Debug|Any CPU.ActiveCfg = Debug|Any CPU
		{EC1AE881-4F56-4D55-80D1-A30BB58E77DC}.Debug|Any CPU.Build.0 = Debug|Any CPU
		{EC1AE881-4F56-4D55-80D1-A30BB58E77DC}.Debug|ARM.ActiveCfg = Debug|ARM
		{EC1AE881-4F56-4D55-80D1-A30BB58E77DC}.Debug|ARM.Build.0 = Debug|ARM
		{EC1AE881-4F56-4D55-80D1-A30BB58E77DC}.Debug|x64.ActiveCfg = Debug|Any CPU
		{EC1AE881-4F56-4D55-80D1-A30BB58E77DC}.Debug|x86.ActiveCfg = Debug|x86
		{EC1AE881-4F56-4D55-80D1-A30BB58E77DC}.Debug|x86.Build.0 = Debug|x86
		{EC1AE881-4F56-4D55-80D1-A30BB58E77DC}.Release|Any CPU.ActiveCfg = Release|Any CPU
		{EC1AE881-4F56-4D55-80D1-A30BB58E77DC}.Release|Any CPU.Build.0 = Release|Any CPU
		{EC1AE881-4F56-4D55-80D1-A30BB58E77DC}.Release|ARM.ActiveCfg = Release|ARM
		{EC1AE881-4F56-4D55-80D1-A30BB58E77DC}.Release|ARM.Build.0 = Release|ARM
		{EC1AE881-4F56-4D55-80D1-A30BB58E77DC}.Release|x64.ActiveCfg = Release|Any CPU
		{EC1AE881-4F56-4D55-80D1-A30BB58E77DC}.Release|x86.ActiveCfg = Release|x86
		{EC1AE881-4F56-4D55-80D1-A30BB58E77DC}.Release|x86.Build.0 = Release|x86
		{C88A2F17-E7D5-41A7-B940-0AB14EB091D7}.Debug|Any CPU.ActiveCfg = Debug|Any CPU
		{C88A2F17-E7D5-41A7-B940-0AB14EB091D7}.Debug|Any CPU.Build.0 = Debug|Any CPU
		{C88A2F17-E7D5-41A7-B940-0AB14EB091D7}.Debug|Any CPU.Deploy.0 = Debug|Any CPU
		{C88A2F17-E7D5-41A7-B940-0AB14EB091D7}.Debug|ARM.ActiveCfg = Debug|ARM
		{C88A2F17-E7D5-41A7-B940-0AB14EB091D7}.Debug|ARM.Build.0 = Debug|ARM
		{C88A2F17-E7D5-41A7-B940-0AB14EB091D7}.Debug|ARM.Deploy.0 = Debug|ARM
		{C88A2F17-E7D5-41A7-B940-0AB14EB091D7}.Debug|x64.ActiveCfg = Debug|x64
		{C88A2F17-E7D5-41A7-B940-0AB14EB091D7}.Debug|x64.Build.0 = Debug|x64
		{C88A2F17-E7D5-41A7-B940-0AB14EB091D7}.Debug|x64.Deploy.0 = Debug|x64
		{C88A2F17-E7D5-41A7-B940-0AB14EB091D7}.Debug|x86.ActiveCfg = Debug|x86
		{C88A2F17-E7D5-41A7-B940-0AB14EB091D7}.Debug|x86.Build.0 = Debug|x86
		{C88A2F17-E7D5-41A7-B940-0AB14EB091D7}.Debug|x86.Deploy.0 = Debug|x86
		{C88A2F17-E7D5-41A7-B940-0AB14EB091D7}.Release|Any CPU.ActiveCfg = Release|Any CPU
		{C88A2F17-E7D5-41A7-B940-0AB14EB091D7}.Release|Any CPU.Build.0 = Release|Any CPU
		{C88A2F17-E7D5-41A7-B940-0AB14EB091D7}.Release|Any CPU.Deploy.0 = Release|Any CPU
		{C88A2F17-E7D5-41A7-B940-0AB14EB091D7}.Release|ARM.ActiveCfg = Release|ARM
		{C88A2F17-E7D5-41A7-B940-0AB14EB091D7}.Release|ARM.Build.0 = Release|ARM
		{C88A2F17-E7D5-41A7-B940-0AB14EB091D7}.Release|ARM.Deploy.0 = Release|ARM
		{C88A2F17-E7D5-41A7-B940-0AB14EB091D7}.Release|x64.ActiveCfg = Release|x64
		{C88A2F17-E7D5-41A7-B940-0AB14EB091D7}.Release|x64.Build.0 = Release|x64
		{C88A2F17-E7D5-41A7-B940-0AB14EB091D7}.Release|x64.Deploy.0 = Release|x64
		{C88A2F17-E7D5-41A7-B940-0AB14EB091D7}.Release|x86.ActiveCfg = Release|x86
		{C88A2F17-E7D5-41A7-B940-0AB14EB091D7}.Release|x86.Build.0 = Release|x86
		{C88A2F17-E7D5-41A7-B940-0AB14EB091D7}.Release|x86.Deploy.0 = Release|x86
	EndGlobalSection
	GlobalSection(SolutionProperties) = preSolution
		HideSolutionNode = FALSE
	EndGlobalSection
EndGlobal
